
Microsoft Visual Studio Solution File, Format Version 12.00
# Visual Studio Version 17
VisualStudioVersion = 17.12.35514.174 d17.12
MinimumVisualStudioVersion = 10.0.40219.1
Project("{FAE04EC0-301F-11D3-BF4B-00C04F79EFBC}") = "Luftborn", "Luftborn\Luftborn.csproj", "{8E8F1967-6CA5-4AAE-85A6-38D43F274045}"
EndProject
Project("{54A90642-561A-4BB1-A94E-469ADEE60C69}") = "Luftborn.Client", "Luftborn.Client\Luftborn.Client.esproj", "{D46977D1-626A-451D-AA1F-9E0B7481F3C2}"
EndProject
Global
	GlobalSection(SolutionConfigurationPlatforms) = preSolution
		Debug|Any CPU = Debug|Any CPU
		Release|Any CPU = Release|Any CPU
	EndGlobalSection
	GlobalSection(ProjectConfigurationPlatforms) = postSolution
		{8E8F1967-6CA5-4AAE-85A6-38D43F274045}.Debug|Any CPU.ActiveCfg = Debug|Any CPU
		{8E8F1967-6CA5-4AAE-85A6-38D43F274045}.Debug|Any CPU.Build.0 = Debug|Any CPU
		{8E8F1967-6CA5-4AAE-85A6-38D43F274045}.Release|Any CPU.ActiveCfg = Release|Any CPU
		{8E8F1967-6CA5-4AAE-85A6-38D43F274045}.Release|Any CPU.Build.0 = Release|Any CPU
		{D46977D1-626A-451D-AA1F-9E0B7481F3C2}.Debug|Any CPU.ActiveCfg = Debug|Any CPU
		{D46977D1-626A-451D-AA1F-9E0B7481F3C2}.Debug|Any CPU.Build.0 = Debug|Any CPU
		{D46977D1-626A-451D-AA1F-9E0B7481F3C2}.Debug|Any CPU.Deploy.0 = Debug|Any CPU
		{D46977D1-626A-451D-AA1F-9E0B7481F3C2}.Release|Any CPU.ActiveCfg = Release|Any CPU
		{D46977D1-626A-451D-AA1F-9E0B7481F3C2}.Release|Any CPU.Build.0 = Release|Any CPU
		{D46977D1-626A-451D-AA1F-9E0B7481F3C2}.Release|Any CPU.Deploy.0 = Release|Any CPU
	EndGlobalSection
	GlobalSection(SolutionProperties) = preSolution
		HideSolutionNode = FALSE
	EndGlobalSection
EndGlobal
